// !$*UTF8*$!
{
	archiveVersion = 1;
	classes = {
	};
	objectVersion = 46;
	objects = {

/* Begin PBXBuildFile section */
		E19FE5DD1CDDE7790089EA5B /* main.m in Sources */ = {isa = PBXBuildFile; fileRef = E19FE5DC1CDDE7790089EA5B /* main.m */; };
		E19FE5E01CDDE7790089EA5B /* AppDelegate.m in Sources */ = {isa = PBXBuildFile; fileRef = E19FE5DF1CDDE7790089EA5B /* AppDelegate.m */; };
		E19FE5E31CDDE7790089EA5B /* ViewController.m in Sources */ = {isa = PBXBuildFile; fileRef = E19FE5E21CDDE7790089EA5B /* ViewController.m */; };
		E19FE5E61CDDE7790089EA5B /* Main.storyboard in Resources */ = {isa = PBXBuildFile; fileRef = E19FE5E41CDDE7790089EA5B /* Main.storyboard */; };
		E19FE5E81CDDE7790089EA5B /* Assets.xcassets in Resources */ = {isa = PBXBuildFile; fileRef = E19FE5E71CDDE7790089EA5B /* Assets.xcassets */; };
		E19FE5EB1CDDE7790089EA5B /* LaunchScreen.storyboard in Resources */ = {isa = PBXBuildFile; fileRef = E19FE5E91CDDE7790089EA5B /* LaunchScreen.storyboard */; };
		E19FE5F51CDDE7B00089EA5B /* ZXDLogView.m in Sources */ = {isa = PBXBuildFile; fileRef = E19FE5F41CDDE7B00089EA5B /* ZXDLogView.m */; };
		E19FE5F81CDDE7C20089EA5B /* ZXDLogManager.m in Sources */ = {isa = PBXBuildFile; fileRef = E19FE5F71CDDE7C20089EA5B /* ZXDLogManager.m */; };
/* End PBXBuildFile section */

/* Begin PBXFileReference section */
		E19FE5D81CDDE7790089EA5B /* ZXDLogTool.app */ = {isa = PBXFileReference; explicitFileType = wrapper.application; includeInIndex = 0; path = ZXDLogTool.app; sourceTree = BUILT_PRODUCTS_DIR; };
		E19FE5DC1CDDE7790089EA5B /* main.m */ = {isa = PBXFileReference; lastKnownFileType = sourcecode.c.objc; path = main.m; sourceTree = "<group>"; };
		E19FE5DE1CDDE7790089EA5B /* AppDelegate.h */ = {isa = PBXFileReference; lastKnownFileType = sourcecode.c.h; path = AppDelegate.h; sourceTree = "<group>"; };
		E19FE5DF1CDDE7790089EA5B /* AppDelegate.m */ = {isa = PBXFileReference; lastKnownFileType = sourcecode.c.objc; path = AppDelegate.m; sourceTree = "<group>"; };
		E19FE5E11CDDE7790089EA5B /* ViewController.h */ = {isa = PBXFileReference; lastKnownFileType = sourcecode.c.h; path = ViewController.h; sourceTree = "<group>"; };
		E19FE5E21CDDE7790089EA5B /* ViewController.m */ = {isa = PBXFileReference; lastKnownFileType = sourcecode.c.objc; path = ViewController.m; sourceTree = "<group>"; };
		E19FE5E51CDDE7790089EA5B /* Base */ = {isa = PBXFileReference; lastKnownFileType = file.storyboard; name = Base; path = Base.lproj/Main.storyboard; sourceTree = "<group>"; };
		E19FE5E71CDDE7790089EA5B /* Assets.xcassets */ = {isa = PBXFileReference; lastKnownFileType = folder.assetcatalog; path = Assets.xcassets; sourceTree = "<group>"; };
		E19FE5EA1CDDE7790089EA5B /* Base */ = {isa = PBXFileReference; lastKnownFileType = file.storyboard; name = Base; path = Base.lproj/LaunchScreen.storyboard; sourceTree = "<group>"; };
		E19FE5EC1CDDE7790089EA5B /* Info.plist */ = {isa = PBXFileReference; lastKnownFileType = text.plist.xml; path = Info.plist; sourceTree = "<group>"; };
		E19FE5F31CDDE7B00089EA5B /* ZXDLogView.h */ = {isa = PBXFileReference; fileEncoding = 4; lastKnownFileType = sourcecode.c.h; path = ZXDLogView.h; sourceTree = "<group>"; };
		E19FE5F41CDDE7B00089EA5B /* ZXDLogView.m */ = {isa = PBXFileReference; fileEncoding = 4; lastKnownFileType = sourcecode.c.objc; path = ZXDLogView.m; sourceTree = "<group>"; };
		E19FE5F61CDDE7C20089EA5B /* ZXDLogManager.h */ = {isa = PBXFileReference; fileEncoding = 4; lastKnownFileType = sourcecode.c.h; path = ZXDLogManager.h; sourceTree = "<group>"; };
		E19FE5F71CDDE7C20089EA5B /* ZXDLogManager.m */ = {isa = PBXFileReference; fileEncoding = 4; lastKnownFileType = sourcecode.c.objc; path = ZXDLogManager.m; sourceTree = "<group>"; };
/* End PBXFileReference section */

/* Begin PBXFrameworksBuildPhase section */
		E19FE5D51CDDE7790089EA5B /* Frameworks */ = {
			isa = PBXFrameworksBuildPhase;
			buildActionMask = 2147483647;
			files = (
			);
			runOnlyForDeploymentPostprocessing = 0;
		};
/* End PBXFrameworksBuildPhase section */

/* Begin PBXGroup section */
		E19FE5CF1CDDE7790089EA5B = {
			isa = PBXGroup;
			children = (
				E19FE5DA1CDDE7790089EA5B /* ZXDLogTool */,
				E19FE5D91CDDE7790089EA5B /* Products */,
			);
			sourceTree = "<group>";
		};
		E19FE5D91CDDE7790089EA5B /* Products */ = {
			isa = PBXGroup;
			children = (
				E19FE5D81CDDE7790089EA5B /* ZXDLogTool.app */,
			);
			name = Products;
			sourceTree = "<group>";
		};
		E19FE5DA1CDDE7790089EA5B /* ZXDLogTool */ = {
			isa = PBXGroup;
			children = (
				E19FE5F21CDDE7920089EA5B /* LogTool */,
				E19FE5DE1CDDE7790089EA5B /* AppDelegate.h */,
				E19FE5DF1CDDE7790089EA5B /* AppDelegate.m */,
				E19FE5E11CDDE7790089EA5B /* ViewController.h */,
				E19FE5E21CDDE7790089EA5B /* ViewController.m */,
				E19FE5E41CDDE7790089EA5B /* Main.storyboard */,
				E19FE5E71CDDE7790089EA5B /* Assets.xcassets */,
				E19FE5E91CDDE7790089EA5B /* LaunchScreen.storyboard */,
				E19FE5EC1CDDE7790089EA5B /* Info.plist */,
				E19FE5DB1CDDE7790089EA5B /* Supporting Files */,
			);
			path = ZXDLogTool;
			sourceTree = "<group>";
		};
		E19FE5DB1CDDE7790089EA5B /* Supporting Files */ = {
			isa = PBXGroup;
			children = (
				E19FE5DC1CDDE7790089EA5B /* main.m */,
			);
			name = "Supporting Files";
			sourceTree = "<group>";
		};
		E19FE5F21CDDE7920089EA5B /* LogTool */ = {
			isa = PBXGroup;
			children = (
				E19FE5F31CDDE7B00089EA5B /* ZXDLogView.h */,
				E19FE5F41CDDE7B00089EA5B /* ZXDLogView.m */,
				E19FE5F61CDDE7C20089EA5B /* ZXDLogManager.h */,
				E19FE5F71CDDE7C20089EA5B /* ZXDLogManager.m */,
			);
			name = LogTool;
			sourceTree = "<group>";
		};
/* End PBXGroup section */

/* Begin PBXNativeTarget section */
		E19FE5D71CDDE7790089EA5B /* ZXDLogTool */ = {
			isa = PBXNativeTarget;
			buildConfigurationList = E19FE5EF1CDDE7790089EA5B /* Build configuration list for PBXNativeTarget "ZXDLogTool" */;
			buildPhases = (
				E19FE5D41CDDE7790089EA5B /* Sources */,
				E19FE5D51CDDE7790089EA5B /* Frameworks */,
				E19FE5D61CDDE7790089EA5B /* Resources */,
			);
			buildRules = (
			);
			dependencies = (
			);
			name = ZXDLogTool;
			productName = ZXDLogTool;
			productReference = E19FE5D81CDDE7790089EA5B /* ZXDLogTool.app */;
			productType = "com.apple.product-type.application";
		};
/* End PBXNativeTarget section */

/* Begin PBXProject section */
		E19FE5D01CDDE7790089EA5B /* Project object */ = {
			isa = PBXProject;
			attributes = {
				LastUpgradeCheck = 0720;
				ORGANIZATIONNAME = ZXD;
				TargetAttributes = {
					E19FE5D71CDDE7790089EA5B = {
						CreatedOnToolsVersion = 7.2.1;
						DevelopmentTeam = 4FGRBC462K;
					};
				};
			};
			buildConfigurationList = E19FE5D31CDDE7790089EA5B /* Build configuration list for PBXProject "ZXDLogTool" */;
			compatibilityVersion = "Xcode 3.2";
			developmentRegion = English;
			hasScannedForEncodings = 0;
			knownRegions = (
				en,
				Base,
			);
			mainGroup = E19FE5CF1CDDE7790089EA5B;
			productRefGroup = E19FE5D91CDDE7790089EA5B /* Products */;
			projectDirPath = "";
			projectRoot = "";
			targets = (
				E19FE5D71CDDE7790089EA5B /* ZXDLogTool */,
			);
		};
/* End PBXProject section */

/* Begin PBXResourcesBuildPhase section */
		E19FE5D61CDDE7790089EA5B /* Resources */ = {
			isa = PBXResourcesBuildPhase;
			buildActionMask = 2147483647;
			files = (
				E19FE5EB1CDDE7790089EA5B /* LaunchScreen.storyboard in Resources */,
				E19FE5E81CDDE7790089EA5B /* Assets.xcassets in Resources */,
				E19FE5E61CDDE7790089EA5B /* Main.storyboard in Resources */,
			);
			runOnlyForDeploymentPostprocessing = 0;
		};
/* End PBXResourcesBuildPhase section */

/* Begin PBXSourcesBuildPhase section */
		E19FE5D41CDDE7790089EA5B /* Sources */ = {
			isa = PBXSourcesBuildPhase;
			buildActionMask = 2147483647;
			files = (
				E19FE5F81CDDE7C20089EA5B /* ZXDLogManager.m in Sources */,
				E19FE5E31CDDE7790089EA5B /* ViewController.m in Sources */,
				E19FE5E01CDDE7790089EA5B /* AppDelegate.m in Sources */,
				E19FE5F51CDDE7B00089EA5B /* ZXDLogView.m in Sources */,
				E19FE5DD1CDDE7790089EA5B /* main.m in Sources */,
			);
			runOnlyForDeploymentPostprocessing = 0;
		};
/* End PBXSourcesBuildPhase section */

/* Begin PBXVariantGroup section */
		E19FE5E41CDDE7790089EA5B /* Main.storyboard */ = {
			isa = PBXVariantGroup;
			children = (
				E19FE5E51CDDE7790089EA5B /* Base */,
			);
			name = Main.storyboard;
			sourceTree = "<group>";
		};
		E19FE5E91CDDE7790089EA5B /* LaunchScreen.storyboard */ = {
			isa = PBXVariantGroup;
			children = (
				E19FE5EA1CDDE7790089EA5B /* Base */,
			);
			name = LaunchScreen.storyboard;
			sourceTree = "<group>";
		};
/* End PBXVariantGroup section */

/* Begin XCBuildConfiguration section */
		E19FE5ED1CDDE7790089EA5B /* Debug */ = {
			isa = XCBuildConfiguration;
			buildSettings = {
				ALWAYS_SEARCH_USER_PATHS = NO;
				CLANG_CXX_LANGUAGE_STANDARD = "gnu++0x";
				CLANG_CXX_LIBRARY = "libc++";
				CLANG_ENABLE_MODULES = YES;
				CLANG_ENABLE_OBJC_ARC = YES;
				CLANG_WARN_BOOL_CONVERSION = YES;
				CLANG_WARN_CONSTANT_CONVERSION = YES;
				CLANG_WARN_DIRECT_OBJC_ISA_USAGE = YES_ERROR;
				CLANG_WARN_EMPTY_BODY = YES;
				CLANG_WARN_ENUM_CONVERSION = YES;
				CLANG_WARN_INT_CONVERSION = YES;
				CLANG_WARN_OBJC_ROOT_CLASS = YES_ERROR;
				CLANG_WARN_UNREACHABLE_CODE = YES;
				CLANG_WARN__DUPLICATE_METHOD_MATCH = YES;
				"CODE_SIGN_IDENTITY[sdk=iphoneos*]" = "iPhone Developer";
				COPY_PHASE_STRIP = NO;
				DEBUG_INFORMATION_FORMAT = dwarf;
				ENABLE_STRICT_OBJC_MSGSEND = YES;
				ENABLE_TESTABILITY = YES;
				GCC_C_LANGUAGE_STANDARD = gnu99;
				GCC_DYNAMIC_NO_PIC = NO;
				GCC_NO_COMMON_BLOCKS = YES;
				GCC_OPTIMIZATION_LEVEL = 0;
				GCC_PREPROCESSOR_DEFINITIONS = (
					"DEBUG=1",
					"$(inherited)",
				);
				GCC_WARN_64_TO_32_BIT_CONVERSION = YES;
				GCC_WARN_ABOUT_RETURN_TYPE = YES_ERROR;
				GCC_WARN_UNDECLARED_SELECTOR = YES;
				GCC_WARN_UNINITIALIZED_AUTOS = YES_AGGRESSIVE;
				GCC_WARN_UNUSED_FUNCTION = YES;
				GCC_WARN_UNUSED_VARIABLE = YES;
				IPHONEOS_DEPLOYMENT_TARGET = 9.2;
				MTL_ENABLE_DEBUG_INFO = YES;
				ONLY_ACTIVE_ARCH = YES;
				SDKROOT = iphoneos;
				TARGETED_DEVICE_FAMILY = "1,2";
			};
			name = Debug;
		};
		E19FE5EE1CDDE7790089EA5B /* Release */ = {
			isa = XCBuildConfiguration;
			buildSettings = {
				ALWAYS_SEARCH_USER_PATHS = NO;
				CLANG_CXX_LANGUAGE_STANDARD = "gnu++0x";
				CLANG_CXX_LIBRARY = "libc++";
				CLANG_ENABLE_MODULES = YES;
				CLANG_ENABLE_OBJC_ARC = YES;
				CLANG_WARN_BOOL_CONVERSION = YES;
				CLANG_WARN_CONSTANT_CONVERSION = YES;
				CLANG_WARN_DIRECT_OBJC_ISA_USAGE = YES_ERROR;
				CLANG_WARN_EMPTY_BODY = YES;
				CLANG_WARN_ENUM_CONVERSION = YES;
				CLANG_WARN_INT_CONVERSION = YES;
				CLANG_WARN_OBJC_ROOT_CLASS = YES_ERROR;
				CLANG_WARN_UNREACHABLE_CODE = YES;
				CLANG_WARN__DUPLICATE_METHOD_MATCH = YES;
				"CODE_SIGN_IDENTITY[sdk=iphoneos*]" = "iPhone Developer";
				COPY_PHASE_STRIP = NO;
				DEBUG_INFORMATION_FORMAT = "dwarf-with-dsym";
				ENABLE_NS_ASSERTIONS = NO;
				ENABLE_STRICT_OBJC_MSGSEND = YES;
				GCC_C_LANGUAGE_STANDARD = gnu99;
				GCC_NO_COMMON_BLOCKS = YES;
				GCC_WARN_64_TO_32_BIT_CONVERSION = YES;
				GCC_WARN_ABOUT_RETURN_TYPE = YES_ERROR;
				GCC_WARN_UNDECLARED_SELECTOR = YES;
				GCC_WARN_UNINITIALIZED_AUTOS = YES_AGGRESSIVE;
				GCC_WARN_UNUSED_FUNCTION = YES;
				GCC_WARN_UNUSED_VARIABLE = YES;
				IPHONEOS_DEPLOYMENT_TARGET = 9.2;
				MTL_ENABLE_DEBUG_INFO = NO;
				SDKROOT = iphoneos;
				TARGETED_DEVICE_FAMILY = "1,2";
				VALIDATE_PRODUCT = YES;
			};
			name = Release;
		};
		E19FE5F01CDDE7790089EA5B /* Debug */ = {
			isa = XCBuildConfiguration;
			buildSettings = {
				ASSETCATALOG_COMPILER_APPICON_NAME = AppIcon;
				INFOPLIST_FILE = ZXDLogTool/Info.plist;
				LD_RUNPATH_SEARCH_PATHS = "$(inherited) @executable_path/Frameworks";
				PRODUCT_BUNDLE_IDENTIFIER = com.zxd.ZXDLogTool;
				PRODUCT_NAME = "$(TARGET_NAME)";
			};
			name = Debug;
		};
		E19FE5F11CDDE7790089EA5B /* Release */ = {
			isa = XCBuildConfiguration;
			buildSettings = {
				ASSETCATALOG_COMPILER_APPICON_NAME = AppIcon;
				INFOPLIST_FILE = ZXDLogTool/Info.plist;
				LD_RUNPATH_SEARCH_PATHS = "$(inherited) @executable_path/Frameworks";
				PRODUCT_BUNDLE_IDENTIFIER = com.zxd.ZXDLogTool;
				PRODUCT_NAME = "$(TARGET_NAME)";
			};
			name = Release;
		};
/* End XCBuildConfiguration section */

/* Begin XCConfigurationList section */
		E19FE5D31CDDE7790089EA5B /* Build configuration list for PBXProject "ZXDLogTool" */ = {
			isa = XCConfigurationList;
			buildConfigurations = (
				E19FE5ED1CDDE7790089EA5B /* Debug */,
				E19FE5EE1CDDE7790089EA5B /* Release */,
			);
			defaultConfigurationIsVisible = 0;
			defaultConfigurationName = Release;
		};
		E19FE5EF1CDDE7790089EA5B /* Build configuration list for PBXNativeTarget "ZXDLogTool" */ = {
			isa = XCConfigurationList;
			buildConfigurations = (
				E19FE5F01CDDE7790089EA5B /* Debug */,
				E19FE5F11CDDE7790089EA5B /* Release */,
			);
			defaultConfigurationIsVisible = 0;
		};
/* End XCConfigurationList section */
	};
	rootObject = E19FE5D01CDDE7790089EA5B /* Project object */;
}
